
Microsoft Visual Studio Solution File, Format Version 12.00
# Visual Studio Version 16
VisualStudioVersion = 16.0.31410.357
MinimumVisualStudioVersion = 10.0.40219.1
Project("{FAE04EC0-301F-11D3-BF4B-00C04F79EFBC}") = "database interaction", "database interaction\database interaction.csproj", "{26E3FDED-B20B-4B6D-8C6D-A53077744912}"
EndProject
Global
	GlobalSection(SolutionConfigurationPlatforms) = preSolution
		Debug|Any CPU = Debug|Any CPU
		Release|Any CPU = Release|Any CPU
	EndGlobalSection
	GlobalSection(ProjectConfigurationPlatforms) = postSolution
		{26E3FDED-B20B-4B6D-8C6D-A53077744912}.Debug|Any CPU.ActiveCfg = Debug|Any CPU
		{26E3FDED-B20B-4B6D-8C6D-A53077744912}.Debug|Any CPU.Build.0 = Debug|Any CPU
		{26E3FDED-B20B-4B6D-8C6D-A53077744912}.Release|Any CPU.ActiveCfg = Release|Any CPU
		{26E3FDED-B20B-4B6D-8C6D-A53077744912}.Release|Any CPU.Build.0 = Release|Any CPU
	EndGlobalSection
	GlobalSection(SolutionProperties) = preSolution
		HideSolutionNode = FALSE
	EndGlobalSection
	GlobalSection(ExtensibilityGlobals) = postSolution
		SolutionGuid = {CFAB1DE1-6866-4686-ACDD-5709BA059302}
	EndGlobalSection
EndGlobal
