
Microsoft Visual Studio Solution File, Format Version 12.00
# Visual Studio Version 16
VisualStudioVersion = 16.0.31410.357
MinimumVisualStudioVersion = 10.0.40219.1
Project("{FAE04EC0-301F-11D3-BF4B-00C04F79EFBC}") = "Ecommerce", "Ecommerce\Ecommerce.csproj", "{35F882E7-7D5D-4114-B933-8B405138778F}"
EndProject
Global
	GlobalSection(SolutionConfigurationPlatforms) = preSolution
		Debug|Any CPU = Debug|Any CPU
		Release|Any CPU = Release|Any CPU
	EndGlobalSection
	GlobalSection(ProjectConfigurationPlatforms) = postSolution
		{35F882E7-7D5D-4114-B933-8B405138778F}.Debug|Any CPU.ActiveCfg = Debug|Any CPU
		{35F882E7-7D5D-4114-B933-8B405138778F}.Debug|Any CPU.Build.0 = Debug|Any CPU
		{35F882E7-7D5D-4114-B933-8B405138778F}.Release|Any CPU.ActiveCfg = Release|Any CPU
		{35F882E7-7D5D-4114-B933-8B405138778F}.Release|Any CPU.Build.0 = Release|Any CPU
	EndGlobalSection
	GlobalSection(SolutionProperties) = preSolution
		HideSolutionNode = FALSE
	EndGlobalSection
	GlobalSection(ExtensibilityGlobals) = postSolution
		SolutionGuid = {45D822D7-BE30-4A19-8119-A0853DAD6146}
	EndGlobalSection
EndGlobal
